
Microsoft Visual Studio Solution File, Format Version 12.00
# Visual Studio 14
VisualStudioVersion = 14.0.25420.1
MinimumVisualStudioVersion = 10.0.40219.1
Project("{FAE04EC0-301F-11D3-BF4B-00C04F79EFBC}") = "20483_Ejercicios", "20483_Ejercicios\20483_Ejercicios.csproj", "{B64A19C8-F077-4A02-9ED3-0D91AEAD644C}"
EndProject
Project("{FAE04EC0-301F-11D3-BF4B-00C04F79EFBC}") = "20483_Colecciones", "20483_Colecciones\20483_Colecciones.csproj", "{408D72BF-72FE-4D5D-B5F0-C54A3827EAE0}"
EndProject
Project("{FAE04EC0-301F-11D3-BF4B-00C04F79EFBC}") = "20483_ColeccionGenerica_List", "20483_ColeccionGenerica_List\20483_ColeccionGenerica_List.csproj", "{8386D93C-33B3-4267-80A1-C09B5670AF05}"
EndProject
Project("{FAE04EC0-301F-11D3-BF4B-00C04F79EFBC}") = "20483_ColeccionGenerica_SortedList", "20483_ColeccionGenerica_SortedList\20483_ColeccionGenerica_SortedList.csproj", "{59518277-811D-4955-84BA-AD51B866A519}"
EndProject
Project("{FAE04EC0-301F-11D3-BF4B-00C04F79EFBC}") = "20483_Archivos", "20483_Archivos\20483_Archivos.csproj", "{71527EC3-1C17-491B-8EA8-32C59A0D814D}"
EndProject
Project("{FAE04EC0-301F-11D3-BF4B-00C04F79EFBC}") = "Intermedio_ICallback", "Intermedio_ICallback\Intermedio_ICallback.csproj", "{48414E6E-8977-41EA-84F1-BC070B1CE82A}"
EndProject
Project("{FAE04EC0-301F-11D3-BF4B-00C04F79EFBC}") = "Intermedio_Indexer", "Intermedio_Indexer\Intermedio_Indexer.csproj", "{5349D676-9CFA-4B54-B942-C0087536906D}"
EndProject
Project("{FAE04EC0-301F-11D3-BF4B-00C04F79EFBC}") = "Intermedio_Nombrados", "Intermedio_Nombrados\Intermedio_Nombrados.csproj", "{1FD84FB0-FE1C-4C40-9589-FDC32A1517F7}"
EndProject
Project("{FAE04EC0-301F-11D3-BF4B-00C04F79EFBC}") = "Intermedio_Regulares", "Intermedio_Regulares\Intermedio_Regulares.csproj", "{3324F66D-D499-4730-8DB1-AFCE408C9BDE}"
EndProject
Project("{FAE04EC0-301F-11D3-BF4B-00C04F79EFBC}") = "Intermedio_Stream", "Intermedio_Stream\Intermedio_Stream.csproj", "{AC47E1E1-617A-4AFD-8610-052F51F2E863}"
EndProject
Project("{FAE04EC0-301F-11D3-BF4B-00C04F79EFBC}") = "ProyectoIntermedio", "ProyectoIntermedio\ProyectoIntermedio.csproj", "{FD4DDA6E-AEEA-4030-84E7-142A378BB5C7}"
EndProject
Project("{FAE04EC0-301F-11D3-BF4B-00C04F79EFBC}") = "20483_Colecciones_EjemploSencillo", "20483_Colecciones_EjemploSencillo\20483_Colecciones_EjemploSencillo.csproj", "{A489CE51-A919-4031-A0B2-4594DE1292DD}"
EndProject
Project("{FAE04EC0-301F-11D3-BF4B-00C04F79EFBC}") = "ProyectoEstudio", "ProyectoEstudio\ProyectoEstudio.csproj", "{56BF53F8-2C32-478A-9248-D88C240559F3}"
EndProject
Project("{FAE04EC0-301F-11D3-BF4B-00C04F79EFBC}") = "ProyectoIntermedio_Interfaces", "ProyectoIntermedio_Interfaces\ProyectoIntermedio_Interfaces.csproj", "{77BD1B64-0440-44DB-B1E5-9B1976117C76}"
EndProject
Project("{FAE04EC0-301F-11D3-BF4B-00C04F79EFBC}") = "ProyectoIntermedio_InterfacesII", "ProyectoIntermedio_InterfacesII\ProyectoIntermedio_InterfacesII.csproj", "{356E6B7C-1567-499E-948B-2C0F935C99F5}"
EndProject
Project("{FAE04EC0-301F-11D3-BF4B-00C04F79EFBC}") = "20483_Estructuras", "20483_Estructuras\20483_Estructuras.csproj", "{6AAD08D0-CC35-425B-8417-3FACB2D550EC}"
EndProject
Project("{FAE04EC0-301F-11D3-BF4B-00C04F79EFBC}") = "20483_Interfaces_Inumerable", "20483_Interfaces_Inumerable\20483_Interfaces_Inumerable.csproj", "{D1E992BB-0EEE-483C-9271-0CF63DD03E97}"
EndProject
Project("{FAE04EC0-301F-11D3-BF4B-00C04F79EFBC}") = "20483_Interfaces_IClonable", "20483_Interfaces_IClonable\20483_Interfaces_IClonable.csproj", "{3FCB8BB5-D58D-4318-8A50-96F403D5F30D}"
EndProject
Project("{FAE04EC0-301F-11D3-BF4B-00C04F79EFBC}") = "20483_Delegados", "20483_Delegados\20483_Delegados.csproj", "{5F104010-EB13-4E85-A32A-048D314E2A31}"
EndProject
Project("{FAE04EC0-301F-11D3-BF4B-00C04F79EFBC}") = "20483_Herencia_AbstracVirtual", "20483_Herencia_AbstracVirtual\20483_Herencia_AbstracVirtual.csproj", "{0C3594EF-1374-4266-AC02-0E0637B788C6}"
EndProject
Project("{FAE04EC0-301F-11D3-BF4B-00C04F79EFBC}") = "20483_ColeccionesGenericas_Dictionary", "20483_ColeccionesGenericas_Dictionary\20483_ColeccionesGenericas_Dictionary.csproj", "{3C15AECA-1CDD-4FC5-AED1-2D46A25CCBDB}"
EndProject
Project("{2150E333-8FDC-42A3-9474-1A3956D46DE8}") = "1. Ejercicios", "1. Ejercicios", "{27341CD9-19D9-4A99-A7C2-7EEE8B3147F9}"
EndProject
Project("{2150E333-8FDC-42A3-9474-1A3956D46DE8}") = "2. Tienda de discos", "2. Tienda de discos", "{16641DF6-C0FA-459E-A4FA-631999B973A7}"
EndProject
Project("{2150E333-8FDC-42A3-9474-1A3956D46DE8}") = "1. Logica de negocio", "1. Logica de negocio", "{72A7021F-055E-46D6-B787-ADEBEBC15A9B}"
EndProject
Project("{2150E333-8FDC-42A3-9474-1A3956D46DE8}") = "2.Transversales", "2.Transversales", "{7BFA3BBA-1818-4620-A8C5-685A9B7E2E0B}"
EndProject
Project("{2150E333-8FDC-42A3-9474-1A3956D46DE8}") = "3.Repositorios", "3.Repositorios", "{F2D07924-8C7A-4AC4-A891-0D3FD1D90801}"
EndProject
Project("{2150E333-8FDC-42A3-9474-1A3956D46DE8}") = "4.Contratos", "4.Contratos", "{3B74385D-301D-4D86-A9B4-23D7C30FF215}"
EndProject
Project("{FAE04EC0-301F-11D3-BF4B-00C04F79EFBC}") = "CDTO", "cDTO\CDTO.csproj", "{6EB43F19-D960-4F99-94AE-CC08E6D30D3F}"
EndProject
Project("{2150E333-8FDC-42A3-9474-1A3956D46DE8}") = "ENUMERADORES", "ENUMERADORES", "{A0D92578-FDAC-4A1B-8B46-24B4B437C43E}"
EndProject
Project("{FAE04EC0-301F-11D3-BF4B-00C04F79EFBC}") = "CNegocio", "CNegocio\CNegocio.csproj", "{6B680FD4-5A83-430F-9593-6C50BE0F0350}"
EndProject
Global
	GlobalSection(SolutionConfigurationPlatforms) = preSolution
		Debug|Any CPU = Debug|Any CPU
		Release|Any CPU = Release|Any CPU
	EndGlobalSection
	GlobalSection(ProjectConfigurationPlatforms) = postSolution
		{B64A19C8-F077-4A02-9ED3-0D91AEAD644C}.Debug|Any CPU.ActiveCfg = Debug|Any CPU
		{B64A19C8-F077-4A02-9ED3-0D91AEAD644C}.Debug|Any CPU.Build.0 = Debug|Any CPU
		{B64A19C8-F077-4A02-9ED3-0D91AEAD644C}.Release|Any CPU.ActiveCfg = Release|Any CPU
		{B64A19C8-F077-4A02-9ED3-0D91AEAD644C}.Release|Any CPU.Build.0 = Release|Any CPU
		{408D72BF-72FE-4D5D-B5F0-C54A3827EAE0}.Debug|Any CPU.ActiveCfg = Debug|Any CPU
		{408D72BF-72FE-4D5D-B5F0-C54A3827EAE0}.Debug|Any CPU.Build.0 = Debug|Any CPU
		{408D72BF-72FE-4D5D-B5F0-C54A3827EAE0}.Release|Any CPU.ActiveCfg = Release|Any CPU
		{408D72BF-72FE-4D5D-B5F0-C54A3827EAE0}.Release|Any CPU.Build.0 = Release|Any CPU
		{8386D93C-33B3-4267-80A1-C09B5670AF05}.Debug|Any CPU.ActiveCfg = Debug|Any CPU
		{8386D93C-33B3-4267-80A1-C09B5670AF05}.Debug|Any CPU.Build.0 = Debug|Any CPU
		{8386D93C-33B3-4267-80A1-C09B5670AF05}.Release|Any CPU.ActiveCfg = Release|Any CPU
		{8386D93C-33B3-4267-80A1-C09B5670AF05}.Release|Any CPU.Build.0 = Release|Any CPU
		{59518277-811D-4955-84BA-AD51B866A519}.Debug|Any CPU.ActiveCfg = Debug|Any CPU
		{59518277-811D-4955-84BA-AD51B866A519}.Debug|Any CPU.Build.0 = Debug|Any CPU
		{59518277-811D-4955-84BA-AD51B866A519}.Release|Any CPU.ActiveCfg = Release|Any CPU
		{59518277-811D-4955-84BA-AD51B866A519}.Release|Any CPU.Build.0 = Release|Any CPU
		{71527EC3-1C17-491B-8EA8-32C59A0D814D}.Debug|Any CPU.ActiveCfg = Debug|Any CPU
		{71527EC3-1C17-491B-8EA8-32C59A0D814D}.Debug|Any CPU.Build.0 = Debug|Any CPU
		{71527EC3-1C17-491B-8EA8-32C59A0D814D}.Release|Any CPU.ActiveCfg = Release|Any CPU
		{71527EC3-1C17-491B-8EA8-32C59A0D814D}.Release|Any CPU.Build.0 = Release|Any CPU
		{48414E6E-8977-41EA-84F1-BC070B1CE82A}.Debug|Any CPU.ActiveCfg = Debug|Any CPU
		{48414E6E-8977-41EA-84F1-BC070B1CE82A}.Debug|Any CPU.Build.0 = Debug|Any CPU
		{48414E6E-8977-41EA-84F1-BC070B1CE82A}.Release|Any CPU.ActiveCfg = Release|Any CPU
		{48414E6E-8977-41EA-84F1-BC070B1CE82A}.Release|Any CPU.Build.0 = Release|Any CPU
		{5349D676-9CFA-4B54-B942-C0087536906D}.Debug|Any CPU.ActiveCfg = Debug|Any CPU
		{5349D676-9CFA-4B54-B942-C0087536906D}.Debug|Any CPU.Build.0 = Debug|Any CPU
		{5349D676-9CFA-4B54-B942-C0087536906D}.Release|Any CPU.ActiveCfg = Release|Any CPU
		{5349D676-9CFA-4B54-B942-C0087536906D}.Release|Any CPU.Build.0 = Release|Any CPU
		{1FD84FB0-FE1C-4C40-9589-FDC32A1517F7}.Debug|Any CPU.ActiveCfg = Debug|Any CPU
		{1FD84FB0-FE1C-4C40-9589-FDC32A1517F7}.Debug|Any CPU.Build.0 = Debug|Any CPU
		{1FD84FB0-FE1C-4C40-9589-FDC32A1517F7}.Release|Any CPU.ActiveCfg = Release|Any CPU
		{1FD84FB0-FE1C-4C40-9589-FDC32A1517F7}.Release|Any CPU.Build.0 = Release|Any CPU
		{3324F66D-D499-4730-8DB1-AFCE408C9BDE}.Debug|Any CPU.ActiveCfg = Debug|Any CPU
		{3324F66D-D499-4730-8DB1-AFCE408C9BDE}.Debug|Any CPU.Build.0 = Debug|Any CPU
		{3324F66D-D499-4730-8DB1-AFCE408C9BDE}.Release|Any CPU.ActiveCfg = Release|Any CPU
		{3324F66D-D499-4730-8DB1-AFCE408C9BDE}.Release|Any CPU.Build.0 = Release|Any CPU
		{AC47E1E1-617A-4AFD-8610-052F51F2E863}.Debug|Any CPU.ActiveCfg = Debug|Any CPU
		{AC47E1E1-617A-4AFD-8610-052F51F2E863}.Debug|Any CPU.Build.0 = Debug|Any CPU
		{AC47E1E1-617A-4AFD-8610-052F51F2E863}.Release|Any CPU.ActiveCfg = Release|Any CPU
		{AC47E1E1-617A-4AFD-8610-052F51F2E863}.Release|Any CPU.Build.0 = Release|Any CPU
		{FD4DDA6E-AEEA-4030-84E7-142A378BB5C7}.Debug|Any CPU.ActiveCfg = Debug|Any CPU
		{FD4DDA6E-AEEA-4030-84E7-142A378BB5C7}.Debug|Any CPU.Build.0 = Debug|Any CPU
		{FD4DDA6E-AEEA-4030-84E7-142A378BB5C7}.Release|Any CPU.ActiveCfg = Release|Any CPU
		{FD4DDA6E-AEEA-4030-84E7-142A378BB5C7}.Release|Any CPU.Build.0 = Release|Any CPU
		{A489CE51-A919-4031-A0B2-4594DE1292DD}.Debug|Any CPU.ActiveCfg = Debug|Any CPU
		{A489CE51-A919-4031-A0B2-4594DE1292DD}.Debug|Any CPU.Build.0 = Debug|Any CPU
		{A489CE51-A919-4031-A0B2-4594DE1292DD}.Release|Any CPU.ActiveCfg = Release|Any CPU
		{A489CE51-A919-4031-A0B2-4594DE1292DD}.Release|Any CPU.Build.0 = Release|Any CPU
		{56BF53F8-2C32-478A-9248-D88C240559F3}.Debug|Any CPU.ActiveCfg = Debug|Any CPU
		{56BF53F8-2C32-478A-9248-D88C240559F3}.Debug|Any CPU.Build.0 = Debug|Any CPU
		{56BF53F8-2C32-478A-9248-D88C240559F3}.Release|Any CPU.ActiveCfg = Release|Any CPU
		{56BF53F8-2C32-478A-9248-D88C240559F3}.Release|Any CPU.Build.0 = Release|Any CPU
		{77BD1B64-0440-44DB-B1E5-9B1976117C76}.Debug|Any CPU.ActiveCfg = Debug|Any CPU
		{77BD1B64-0440-44DB-B1E5-9B1976117C76}.Debug|Any CPU.Build.0 = Debug|Any CPU
		{77BD1B64-0440-44DB-B1E5-9B1976117C76}.Release|Any CPU.ActiveCfg = Release|Any CPU
		{77BD1B64-0440-44DB-B1E5-9B1976117C76}.Release|Any CPU.Build.0 = Release|Any CPU
		{356E6B7C-1567-499E-948B-2C0F935C99F5}.Debug|Any CPU.ActiveCfg = Debug|Any CPU
		{356E6B7C-1567-499E-948B-2C0F935C99F5}.Debug|Any CPU.Build.0 = Debug|Any CPU
		{356E6B7C-1567-499E-948B-2C0F935C99F5}.Release|Any CPU.ActiveCfg = Release|Any CPU
		{356E6B7C-1567-499E-948B-2C0F935C99F5}.Release|Any CPU.Build.0 = Release|Any CPU
		{6AAD08D0-CC35-425B-8417-3FACB2D550EC}.Debug|Any CPU.ActiveCfg = Debug|Any CPU
		{6AAD08D0-CC35-425B-8417-3FACB2D550EC}.Debug|Any CPU.Build.0 = Debug|Any CPU
		{6AAD08D0-CC35-425B-8417-3FACB2D550EC}.Release|Any CPU.ActiveCfg = Release|Any CPU
		{6AAD08D0-CC35-425B-8417-3FACB2D550EC}.Release|Any CPU.Build.0 = Release|Any CPU
		{D1E992BB-0EEE-483C-9271-0CF63DD03E97}.Debug|Any CPU.ActiveCfg = Debug|Any CPU
		{D1E992BB-0EEE-483C-9271-0CF63DD03E97}.Debug|Any CPU.Build.0 = Debug|Any CPU
		{D1E992BB-0EEE-483C-9271-0CF63DD03E97}.Release|Any CPU.ActiveCfg = Release|Any CPU
		{D1E992BB-0EEE-483C-9271-0CF63DD03E97}.Release|Any CPU.Build.0 = Release|Any CPU
		{3FCB8BB5-D58D-4318-8A50-96F403D5F30D}.Debug|Any CPU.ActiveCfg = Debug|Any CPU
		{3FCB8BB5-D58D-4318-8A50-96F403D5F30D}.Debug|Any CPU.Build.0 = Debug|Any CPU
		{3FCB8BB5-D58D-4318-8A50-96F403D5F30D}.Release|Any CPU.ActiveCfg = Release|Any CPU
		{3FCB8BB5-D58D-4318-8A50-96F403D5F30D}.Release|Any CPU.Build.0 = Release|Any CPU
		{5F104010-EB13-4E85-A32A-048D314E2A31}.Debug|Any CPU.ActiveCfg = Debug|Any CPU
		{5F104010-EB13-4E85-A32A-048D314E2A31}.Debug|Any CPU.Build.0 = Debug|Any CPU
		{5F104010-EB13-4E85-A32A-048D314E2A31}.Release|Any CPU.ActiveCfg = Release|Any CPU
		{5F104010-EB13-4E85-A32A-048D314E2A31}.Release|Any CPU.Build.0 = Release|Any CPU
		{0C3594EF-1374-4266-AC02-0E0637B788C6}.Debug|Any CPU.ActiveCfg = Debug|Any CPU
		{0C3594EF-1374-4266-AC02-0E0637B788C6}.Debug|Any CPU.Build.0 = Debug|Any CPU
		{0C3594EF-1374-4266-AC02-0E0637B788C6}.Release|Any CPU.ActiveCfg = Release|Any CPU
		{0C3594EF-1374-4266-AC02-0E0637B788C6}.Release|Any CPU.Build.0 = Release|Any CPU
		{3C15AECA-1CDD-4FC5-AED1-2D46A25CCBDB}.Debug|Any CPU.ActiveCfg = Debug|Any CPU
		{3C15AECA-1CDD-4FC5-AED1-2D46A25CCBDB}.Debug|Any CPU.Build.0 = Debug|Any CPU
		{3C15AECA-1CDD-4FC5-AED1-2D46A25CCBDB}.Release|Any CPU.ActiveCfg = Release|Any CPU
		{3C15AECA-1CDD-4FC5-AED1-2D46A25CCBDB}.Release|Any CPU.Build.0 = Release|Any CPU
		{6EB43F19-D960-4F99-94AE-CC08E6D30D3F}.Debug|Any CPU.ActiveCfg = Debug|Any CPU
		{6EB43F19-D960-4F99-94AE-CC08E6D30D3F}.Debug|Any CPU.Build.0 = Debug|Any CPU
		{6EB43F19-D960-4F99-94AE-CC08E6D30D3F}.Release|Any CPU.ActiveCfg = Release|Any CPU
		{6EB43F19-D960-4F99-94AE-CC08E6D30D3F}.Release|Any CPU.Build.0 = Release|Any CPU
		{6B680FD4-5A83-430F-9593-6C50BE0F0350}.Debug|Any CPU.ActiveCfg = Debug|Any CPU
		{6B680FD4-5A83-430F-9593-6C50BE0F0350}.Debug|Any CPU.Build.0 = Debug|Any CPU
		{6B680FD4-5A83-430F-9593-6C50BE0F0350}.Release|Any CPU.ActiveCfg = Release|Any CPU
		{6B680FD4-5A83-430F-9593-6C50BE0F0350}.Release|Any CPU.Build.0 = Release|Any CPU
	EndGlobalSection
	GlobalSection(SolutionProperties) = preSolution
		HideSolutionNode = FALSE
	EndGlobalSection
	GlobalSection(NestedProjects) = preSolution
		{B64A19C8-F077-4A02-9ED3-0D91AEAD644C} = {27341CD9-19D9-4A99-A7C2-7EEE8B3147F9}
		{408D72BF-72FE-4D5D-B5F0-C54A3827EAE0} = {27341CD9-19D9-4A99-A7C2-7EEE8B3147F9}
		{8386D93C-33B3-4267-80A1-C09B5670AF05} = {27341CD9-19D9-4A99-A7C2-7EEE8B3147F9}
		{59518277-811D-4955-84BA-AD51B866A519} = {27341CD9-19D9-4A99-A7C2-7EEE8B3147F9}
		{71527EC3-1C17-491B-8EA8-32C59A0D814D} = {27341CD9-19D9-4A99-A7C2-7EEE8B3147F9}
		{48414E6E-8977-41EA-84F1-BC070B1CE82A} = {27341CD9-19D9-4A99-A7C2-7EEE8B3147F9}
		{5349D676-9CFA-4B54-B942-C0087536906D} = {27341CD9-19D9-4A99-A7C2-7EEE8B3147F9}
		{1FD84FB0-FE1C-4C40-9589-FDC32A1517F7} = {27341CD9-19D9-4A99-A7C2-7EEE8B3147F9}
		{3324F66D-D499-4730-8DB1-AFCE408C9BDE} = {27341CD9-19D9-4A99-A7C2-7EEE8B3147F9}
		{AC47E1E1-617A-4AFD-8610-052F51F2E863} = {27341CD9-19D9-4A99-A7C2-7EEE8B3147F9}
		{FD4DDA6E-AEEA-4030-84E7-142A378BB5C7} = {27341CD9-19D9-4A99-A7C2-7EEE8B3147F9}
		{A489CE51-A919-4031-A0B2-4594DE1292DD} = {27341CD9-19D9-4A99-A7C2-7EEE8B3147F9}
		{56BF53F8-2C32-478A-9248-D88C240559F3} = {27341CD9-19D9-4A99-A7C2-7EEE8B3147F9}
		{77BD1B64-0440-44DB-B1E5-9B1976117C76} = {27341CD9-19D9-4A99-A7C2-7EEE8B3147F9}
		{356E6B7C-1567-499E-948B-2C0F935C99F5} = {27341CD9-19D9-4A99-A7C2-7EEE8B3147F9}
		{6AAD08D0-CC35-425B-8417-3FACB2D550EC} = {27341CD9-19D9-4A99-A7C2-7EEE8B3147F9}
		{D1E992BB-0EEE-483C-9271-0CF63DD03E97} = {27341CD9-19D9-4A99-A7C2-7EEE8B3147F9}
		{3FCB8BB5-D58D-4318-8A50-96F403D5F30D} = {27341CD9-19D9-4A99-A7C2-7EEE8B3147F9}
		{5F104010-EB13-4E85-A32A-048D314E2A31} = {27341CD9-19D9-4A99-A7C2-7EEE8B3147F9}
		{0C3594EF-1374-4266-AC02-0E0637B788C6} = {27341CD9-19D9-4A99-A7C2-7EEE8B3147F9}
		{3C15AECA-1CDD-4FC5-AED1-2D46A25CCBDB} = {27341CD9-19D9-4A99-A7C2-7EEE8B3147F9}
		{72A7021F-055E-46D6-B787-ADEBEBC15A9B} = {16641DF6-C0FA-459E-A4FA-631999B973A7}
		{7BFA3BBA-1818-4620-A8C5-685A9B7E2E0B} = {16641DF6-C0FA-459E-A4FA-631999B973A7}
		{F2D07924-8C7A-4AC4-A891-0D3FD1D90801} = {16641DF6-C0FA-459E-A4FA-631999B973A7}
		{3B74385D-301D-4D86-A9B4-23D7C30FF215} = {16641DF6-C0FA-459E-A4FA-631999B973A7}
		{6EB43F19-D960-4F99-94AE-CC08E6D30D3F} = {7BFA3BBA-1818-4620-A8C5-685A9B7E2E0B}
		{A0D92578-FDAC-4A1B-8B46-24B4B437C43E} = {72A7021F-055E-46D6-B787-ADEBEBC15A9B}
		{6B680FD4-5A83-430F-9593-6C50BE0F0350} = {72A7021F-055E-46D6-B787-ADEBEBC15A9B}
	EndGlobalSection
EndGlobal
